
Microsoft Visual Studio Solution File, Format Version 12.00
# Visual Studio Version 16
VisualStudioVersion = 16.0.31112.23
MinimumVisualStudioVersion = 10.0.40219.1
Project("{8BC9CEB8-8B4A-11D0-8D11-00A0C91BC942}") = "lỗi con trỏ", "lỗi con trỏ.vcxproj", "{D4B26EBF-A833-49F6-894D-1D6C2C219ADD}"
EndProject
Global
	GlobalSection(SolutionConfigurationPlatforms) = preSolution
		Debug|x64 = Debug|x64
		Debug|x86 = Debug|x86
		Release|x64 = Release|x64
		Release|x86 = Release|x86
	EndGlobalSection
	GlobalSection(ProjectConfigurationPlatforms) = postSolution
		{D4B26EBF-A833-49F6-894D-1D6C2C219ADD}.Debug|x64.ActiveCfg = Debug|x64
		{D4B26EBF-A833-49F6-894D-1D6C2C219ADD}.Debug|x64.Build.0 = Debug|x64
		{D4B26EBF-A833-49F6-894D-1D6C2C219ADD}.Debug|x86.ActiveCfg = Debug|Win32
		{D4B26EBF-A833-49F6-894D-1D6C2C219ADD}.Debug|x86.Build.0 = Debug|Win32
		{D4B26EBF-A833-49F6-894D-1D6C2C219ADD}.Release|x64.ActiveCfg = Release|x64
		{D4B26EBF-A833-49F6-894D-1D6C2C219ADD}.Release|x64.Build.0 = Release|x64
		{D4B26EBF-A833-49F6-894D-1D6C2C219ADD}.Release|x86.ActiveCfg = Release|Win32
		{D4B26EBF-A833-49F6-894D-1D6C2C219ADD}.Release|x86.Build.0 = Release|Win32
	EndGlobalSection
	GlobalSection(SolutionProperties) = preSolution
		HideSolutionNode = FALSE
	EndGlobalSection
	GlobalSection(ExtensibilityGlobals) = postSolution
		SolutionGuid = {174CA70D-5446-4673-8989-E7B2F4242695}
	EndGlobalSection
EndGlobal
